
Microsoft Visual Studio Solution File, Format Version 12.00
# Visual Studio Version 17
VisualStudioVersion = 17.5.33530.505
MinimumVisualStudioVersion = 10.0.40219.1
Project("{FAE04EC0-301F-11D3-BF4B-00C04F79EFBC}") = "Wpfcurd", "Wpfcurd\Wpfcurd.csproj", "{6EEF48BA-89D0-477B-8EC8-07D9311DD93A}"
EndProject
Global
	GlobalSection(SolutionConfigurationPlatforms) = preSolution
		Debug|Any CPU = Debug|Any CPU
		Release|Any CPU = Release|Any CPU
	EndGlobalSection
	GlobalSection(ProjectConfigurationPlatforms) = postSolution
		{6EEF48BA-89D0-477B-8EC8-07D9311DD93A}.Debug|Any CPU.ActiveCfg = Debug|Any CPU
		{6EEF48BA-89D0-477B-8EC8-07D9311DD93A}.Debug|Any CPU.Build.0 = Debug|Any CPU
		{6EEF48BA-89D0-477B-8EC8-07D9311DD93A}.Release|Any CPU.ActiveCfg = Release|Any CPU
		{6EEF48BA-89D0-477B-8EC8-07D9311DD93A}.Release|Any CPU.Build.0 = Release|Any CPU
	EndGlobalSection
	GlobalSection(SolutionProperties) = preSolution
		HideSolutionNode = FALSE
	EndGlobalSection
	GlobalSection(ExtensibilityGlobals) = postSolution
		SolutionGuid = {9DF0793D-B05A-46B3-B582-82501F25BDC6}
	EndGlobalSection
EndGlobal
